Microsoft Visual Studio Solution File, Format Version 11.00
# Visual Studio 2019

Project("{8BC9CEB8-8B4A-11D0-8D11-00A0C91BC942}") = "Rotor - VST3", "Rotor_VST3.vcxproj", "{7EE35C8D-7AD3-1C23-6266-F4835A298073}"
	ProjectSection(ProjectDependencies) = postProject
		{73D2BE69-7D45-EC5A-701E-1FF19E562AF0} = {73D2BE69-7D45-EC5A-701E-1FF19E562AF0}
	EndProjectSection
EndProject
Project("{8BC9CEB8-8B4A-11D0-8D11-00A0C91BC942}") = "Rotor - Shared Code", "Rotor_SharedCode.vcxproj", "{73D2BE69-7D45-EC5A-701E-1FF19E562AF0}"
EndProject
Global
	GlobalSection(SolutionConfigurationPlatforms) = preSolution
		Debug|x64 = Debug|x64
		Release|x64 = Release|x64
	EndGlobalSection
	GlobalSection(ProjectConfigurationPlatforms) = postSolution
		{7EE35C8D-7AD3-1C23-6266-F4835A298073}.Debug|x64.ActiveCfg = Debug|x64
		{7EE35C8D-7AD3-1C23-6266-F4835A298073}.Debug|x64.Build.0 = Debug|x64
		{7EE35C8D-7AD3-1C23-6266-F4835A298073}.Release|x64.ActiveCfg = Release|x64
		{7EE35C8D-7AD3-1C23-6266-F4835A298073}.Release|x64.Build.0 = Release|x64
		{73D2BE69-7D45-EC5A-701E-1FF19E562AF0}.Debug|x64.ActiveCfg = Debug|x64
		{73D2BE69-7D45-EC5A-701E-1FF19E562AF0}.Debug|x64.Build.0 = Debug|x64
		{73D2BE69-7D45-EC5A-701E-1FF19E562AF0}.Release|x64.ActiveCfg = Release|x64
		{73D2BE69-7D45-EC5A-701E-1FF19E562AF0}.Release|x64.Build.0 = Release|x64
	EndGlobalSection
	GlobalSection(SolutionProperties) = preSolution
		HideSolutionNode = FALSE
	EndGlobalSection
EndGlobal
