// !$*UTF8*$!
{
	archiveVersion = 1;
	classes = {
	};
	objectVersion = 46;
	objects = {
		9EC8DB8E2124B6EF7F2FF2D6 = {
			isa = PBXBuildFile;
			fileRef = 022CD780941359F5AEFFB4BA;
		};
		70CACF1ABDF433756DE263F7 = {
			isa = PBXBuildFile;
			fileRef = 00F6C025DA855759A6E257ED;
		};
		F29B594CDC02BEEB3275E0FB = {
			isa = PBXBuildFile;
			fileRef = 7DF41007A31B611304797E8C;
		};
		5D11A03612A7BB23483F9693 = {
			isa = PBXBuildFile;
			fileRef = 68F8A5DC50D91B8081BBB648;
		};
		121FBC7BEC1A817391C41BAD = {
			isa = PBXBuildFile;
			fileRef = E41F034C473CACB566E1C8F7;
		};
		94686B2731242D74CEF5EB5E = {
			isa = PBXBuildFile;
			fileRef = A8D7A89128541CF501A96C06;
		};
		32F04263065A745242AABDAA = {
			isa = PBXBuildFile;
			fileRef = 7415747B698C313059591368;
		};
		45494A3BAD0511A2DA603605 = {
			isa = PBXBuildFile;
			fileRef = CEAD5D9AD335DE46756D8129;
		};
		A26BE138FB0890409073BB6A = {
			isa = PBXBuildFile;
			fileRef = F93284B3022C0F97FC9DA567;
		};
		4335F3BF2DA91D5AF5E7A369 = {
			isa = PBXBuildFile;
			fileRef = FB4B599D96DDEB8297E84271;
		};
		98130BA4044E1E1C016643E0 = {
			isa = PBXBuildFile;
			fileRef = 61D120E8E121AF8EAF5C6512;
		};
		179D590F781AD6482F797327 = {
			isa = PBXBuildFile;
			fileRef = 89578233348E81FF95FCBF3A;
		};
		8046C2898EFEC793A043C273 = {
			isa = PBXBuildFile;
			fileRef = 8A4F37FB7133631A5D37D8D3;
		};
		DE2C44585CAB260535F41E8C = {
			isa = PBXBuildFile;
			fileRef = 2A4FA92EEE48112179BECFD8;
		};
		F7BA12C25298F7D3BFD0FE99 = {
			isa = PBXBuildFile;
			fileRef = 44E8FBA79147056EA673AF74;
		};
		2AF05D02F91BAB9272F2291B = {
			isa = PBXBuildFile;
			fileRef = E9B3BC20C2A4B5268FF60F94;
		};
		DCA26CF8BEE526F436FC94B9 = {
			isa = PBXBuildFile;
			fileRef = 6F018D2718A9977E4FD4C95A;
		};
		CFBD01586C5A7D6F31720E14 = {
			isa = PBXBuildFile;
			fileRef = 976332B9C22A891B9D8EE1A0;
		};
		7BC7827EE3649E23B9D14A71 = {
			isa = PBXBuildFile;
			fileRef = F2BADFFF6CEF45CB72BCA203;
		};
		D7DB2529BB0379D461A6A2F3 = {
			isa = PBXBuildFile;
			fileRef = 090C3E5B25AAD38C8B603B5B;
		};
		B4A0D719AC35D37E14AF3246 = {
			isa = PBXBuildFile;
			fileRef = 4A29B6BD9B522D5F583E3B8D;
		};
		96EECD51B82E0A9AE1442629 = {
			isa = PBXBuildFile;
			fileRef = FB2C22BC3360A501C4B71499;
		};
		D5D9384F659A3B768B0BE447 = {
			isa = PBXBuildFile;
			fileRef = 284E01938094CD17993F147C;
		};
		667F1994E5F638F490A3CC73 = {
			isa = PBXBuildFile;
			fileRef = 673FA122D99CAD8010904DF2;
		};
		CA5CED8A7D3B3DF3C90A8D01 = {
			isa = PBXBuildFile;
			fileRef = 73CFDFAC87FBF39B68D2663F;
		};
		63A500342BF57CB5A9257F57 = {
			isa = PBXBuildFile;
			fileRef = 01D270B8B0F0C26C9BC72994;
		};
		9C50C31AA76664D65A59F748 = {
			isa = PBXBuildFile;
			fileRef = B7CF016EC27488505A408EA9;
		};
		BBEEDAC1DDA4069F680B6351 = {
			isa = PBXBuildFile;
			fileRef = BFADE6D3F6CE60292C8F26CE;
		};
		74BF8DFC115AD9AA555172F1 = {
			isa = PBXBuildFile;
			fileRef = 2981D6AE999A7B8EB62E9E4E;
		};
		E882A7E0984C32E77CC93439 = {
			isa = PBXBuildFile;
			fileRef = 266A87BEF4C26E5C393BC03A;
		};
		F45B4DDF6853B704DB6F848B = {
			isa = PBXBuildFile;
			fileRef = 9541D961D306AE75DEACA5F5;
		};
		E8F244AE5BABF5EAC53CEACE = {
			isa = PBXBuildFile;
			fileRef = 95AB29E0897E3E88D16773AD;
		};
		85AFA2DFD4DB2CF5AC6394BD = {
			isa = PBXBuildFile;
			fileRef = 82B0F57E48A4E886D0D01506;
		};
		5F78966E952943EC34071313 = {
			isa = PBXBuildFile;
			fileRef = BA90525BEE79FBD7234EEAF3;
		};
		ED6398112BE739DB61DAEE74 = {
			isa = PBXBuildFile;
			fileRef = 695AAFEAED20E4516A2E4B08;
		};
		74AABAEF602CA79B8B0D6C3D = {
			isa = PBXBuildFile;
			fileRef = 775F25AECEFC0F8E78A73103;
		};
		3462E10AEF9FE9E85CC9ECFB = {
			isa = PBXBuildFile;
			fileRef = 36CB45B6646BABBD3A07FC6E;
		};
		A6857369F77CCA60806F7761 = {
			isa = PBXBuildFile;
			fileRef = 6CC5B542E3DF4DED76F8211A;
		};
		62A38DED4791B0519A87EF25 = {
			isa = PBXBuildFile;
			fileRef = 2EF401C58BD4D6A4BE51655C;
		};
		74EEDF3812B3CF969C4C8C44 = {
			isa = PBXBuildFile;
			fileRef = 17B2FF968764AD5FE8CAAAB5;
		};
		B1671C181B8C1D4CC5E743C1 = {
			isa = PBXBuildFile;
			fileRef = 411A27349B93CC9874DCAB81;
		};
		B29086B181D1A54C0BBC1A4A = {
			isa = PBXBuildFile;
			fileRef = A59AD4EE4AA689E8610AA818;
		};
		022CD780941359F5AEFFB4BA = {
			isa = PBXFileReference;
			explicitFileType = wrapper.cfbundle;
			includeInIndex = 0;
			path = Rotor.vst3;
			sourceTree = "BUILT_PRODUCTS_DIR";
		};
		00F6C025DA855759A6E257ED = {
			isa = PBXFileReference;
			explicitFileType = wrapper.cfbundle;
			includeInIndex = 0;
			path = Rotor.component;
			sourceTree = "BUILT_PRODUCTS_DIR";
		};
		01D270B8B0F0C26C9BC72994 = {
			isa = PBXFileReference;
			lastKnownFileType = file.r;
			name = "include_juce_audio_plugin_client_AU.r";
			path = "../../JuceLibraryCode/include_juce_audio_plugin_client_AU.r";
			sourceTree = "SOURCE_ROOT";
		};
		030DC707C5810BE202C4A995 = {
			isa = PBXFileReference;
			lastKnownFileType = file.ttf;
			name = montserrat.ttf;
			path = ../../Assets/montserrat.ttf;
			sourceTree = "SOURCE_ROOT";
		};
		03E0BEE2D9A0BA179ACE8573 = {
			isa = PBXFileReference;
			lastKnownFileType = sourcecode.c.h;
			name = RotorLookAndFeel.h;
			path = ../../Source/RotorLookAndFeel.h;
			sourceTree = "SOURCE_ROOT";
		};
		090C3E5B25AAD38C8B603B5B = {
			isa = PBXFileReference;
			lastKnownFileType = sourcecode.cpp.cpp;
			name = RotorLookAndFeel.cpp;
			path = ../../Source/RotorLookAndFeel.cpp;
			sourceTree = "SOURCE_ROOT";
		};
		17B2FF968764AD5FE8CAAAB5 = {
			isa = PBXFileReference;
			lastKnownFileType = sourcecode.cpp.objcpp;
			name = "include_juce_gui_basics.mm";
			path = "../../JuceLibraryCode/include_juce_gui_basics.mm";
			sourceTree = "SOURCE_ROOT";
		};
		1C869A37445A3C441795B58F = {
			isa = PBXFileReference;
			lastKnownFileType = file;
			name = "juce_graphics";
			path = "/Users/mrm5632/Documents/GitHub/JUCE/modules/juce_graphics";
			sourceTree = "<absolute>";
		};
		266A87BEF4C26E5C393BC03A = {
			isa = PBXFileReference;
			lastKnownFileType = sourcecode.cpp.objcpp;
			name = "include_juce_audio_plugin_client_VST_utils.mm";
			path = "../../JuceLibraryCode/include_juce_audio_plugin_client_VST_utils.mm";
			sourceTree = "SOURCE_ROOT";
		};
		284E01938094CD17993F147C = {
			isa = PBXFileReference;
			lastKnownFileType = sourcecode.cpp.objcpp;
			name = "include_juce_audio_basics.mm";
			path = "../../JuceLibraryCode/include_juce_audio_basics.mm";
			sourceTree = "SOURCE_ROOT";
		};
		2981D6AE999A7B8EB62E9E4E = {
			isa = PBXFileReference;
			lastKnownFileType = sourcecode.cpp.cpp;
			name = "include_juce_audio_plugin_client_utils.cpp";
			path = "../../JuceLibraryCode/include_juce_audio_plugin_client_utils.cpp";
			sourceTree = "SOURCE_ROOT";
		};
		2A4FA92EEE48112179BECFD8 = {
			isa = PBXFileReference;
			lastKnownFileType = wrapper.framework;
			name = OpenGL.framework;
			path = System/Library/Frameworks/OpenGL.framework;
			sourceTree = SDKROOT;
		};
		2C98A9DD7EA721DE05A018A9 = {
			isa = PBXFileReference;
			lastKnownFileType = file;
			name = "juce_audio_utils";
			path = "/Users/mrm5632/Documents/GitHub/JUCE/modules/juce_audio_utils";
			sourceTree = "<absolute>";
		};
		2EF401C58BD4D6A4BE51655C = {
			isa = PBXFileReference;
			lastKnownFileType = sourcecode.cpp.objcpp;
			name = "include_juce_graphics.mm";
			path = "../../JuceLibraryCode/include_juce_graphics.mm";
			sourceTree = "SOURCE_ROOT";
		};
		2FF85AD5DFFA326CC9200BC8 = {
			isa = PBXFileReference;
			lastKnownFileType = text.plist.xml;
			name = Rotor.entitlements;
			path = Rotor.entitlements;
			sourceTree = "SOURCE_ROOT";
		};
		30AC3DE319F6D68BB3956EC1 = {
			isa = PBXFileReference;
			lastKnownFileType = file;
			name = "juce_audio_formats";
			path = "/Users/mrm5632/Documents/GitHub/JUCE/modules/juce_audio_formats";
			sourceTree = "<absolute>";
		};
		36CB45B6646BABBD3A07FC6E = {
			isa = PBXFileReference;
			lastKnownFileType = sourcecode.cpp.objcpp;
			name = "include_juce_dsp.mm";
			path = "../../JuceLibraryCode/include_juce_dsp.mm";
			sourceTree = "SOURCE_ROOT";
		};
		3B46502A3D0D1558AC6972B3 = {
			isa = PBXFileReference;
			lastKnownFileType = file.ttf;
			name = "montserrat-light.ttf";
			path = "../../Assets/montserrat-light.ttf";
			sourceTree = "SOURCE_ROOT";
		};
		3DA1A39344CF80F982826935 = {
			isa = PBXFileReference;
			lastKnownFileType = text.plist.xml;
			name = "Info-AU.plist";
			path = "Info-AU.plist";
			sourceTree = "SOURCE_ROOT";
		};
		411A27349B93CC9874DCAB81 = {
			isa = PBXFileReference;
			lastKnownFileType = sourcecode.cpp.objcpp;
			name = "include_juce_gui_extra.mm";
			path = "../../JuceLibraryCode/include_juce_gui_extra.mm";
			sourceTree = "SOURCE_ROOT";
		};
		44E8FBA79147056EA673AF74 = {
			isa = PBXFileReference;
			lastKnownFileType = wrapper.framework;
			name = QuartzCore.framework;
			path = System/Library/Frameworks/QuartzCore.framework;
			sourceTree = SDKROOT;
		};
		4A29B6BD9B522D5F583E3B8D = {
			isa = PBXFileReference;
			lastKnownFileType = sourcecode.cpp.cpp;
			name = RotorAnalyzer.cpp;
			path = ../../Source/RotorAnalyzer.cpp;
			sourceTree = "SOURCE_ROOT";
		};
		4CC5B3FB2C1E6F70646969AC = {
			isa = PBXFileReference;
			lastKnownFileType = sourcecode.c.h;
			name = BinaryData.h;
			path = ../../JuceLibraryCode/BinaryData.h;
			sourceTree = "SOURCE_ROOT";
		};
		5CD5033A9F311EBF8C789B8B = {
			isa = PBXFileReference;
			lastKnownFileType = file.ttf;
			name = "louis-george-cafe-light.ttf";
			path = "../../Assets/louis-george-cafe-light.ttf";
			sourceTree = "SOURCE_ROOT";
		};
		61D120E8E121AF8EAF5C6512 = {
			isa = PBXFileReference;
			lastKnownFileType = wrapper.framework;
			name = CoreMIDI.framework;
			path = System/Library/Frameworks/CoreMIDI.framework;
			sourceTree = SDKROOT;
		};
		648F07DDFAA0125F4EA7AA70 = {
			isa = PBXFileReference;
			lastKnownFileType = file;
			name = "juce_opengl";
			path = "/Users/mrm5632/Documents/GitHub/JUCE/modules/juce_opengl";
			sourceTree = "<absolute>";
		};
		673FA122D99CAD8010904DF2 = {
			isa = PBXFileReference;
			lastKnownFileType = sourcecode.cpp.objcpp;
			name = "include_juce_audio_devices.mm";
			path = "../../JuceLibraryCode/include_juce_audio_devices.mm";
			sourceTree = "SOURCE_ROOT";
		};
		68F8A5DC50D91B8081BBB648 = {
			isa = PBXFileReference;
			lastKnownFileType = wrapper.framework;
			name = Accelerate.framework;
			path = System/Library/Frameworks/Accelerate.framework;
			sourceTree = SDKROOT;
		};
		695AAFEAED20E4516A2E4B08 = {
			isa = PBXFileReference;
			lastKnownFileType = sourcecode.cpp.objcpp;
			name = "include_juce_cryptography.mm";
			path = "../../JuceLibraryCode/include_juce_cryptography.mm";
			sourceTree = "SOURCE_ROOT";
		};
		6CC5B542E3DF4DED76F8211A = {
			isa = PBXFileReference;
			lastKnownFileType = sourcecode.cpp.objcpp;
			name = "include_juce_events.mm";
			path = "../../JuceLibraryCode/include_juce_events.mm";
			sourceTree = "SOURCE_ROOT";
		};
		6F018D2718A9977E4FD4C95A = {
			isa = PBXFileReference;
			lastKnownFileType = file.nib;
			name = RecentFilesMenuTemplate.nib;
			path = RecentFilesMenuTemplate.nib;
			sourceTree = "SOURCE_ROOT";
		};
		73CFDFAC87FBF39B68D2663F = {
			isa = PBXFileReference;
			lastKnownFileType = sourcecode.cpp.objcpp;
			name = "include_juce_audio_formats.mm";
			path = "../../JuceLibraryCode/include_juce_audio_formats.mm";
			sourceTree = "SOURCE_ROOT";
		};
		7415747B698C313059591368 = {
			isa = PBXFileReference;
			lastKnownFileType = wrapper.framework;
			name = Carbon.framework;
			path = System/Library/Frameworks/Carbon.framework;
			sourceTree = SDKROOT;
		};
		775F25AECEFC0F8E78A73103 = {
			isa = PBXFileReference;
			lastKnownFileType = sourcecode.cpp.objcpp;
			name = "include_juce_data_structures.mm";
			path = "../../JuceLibraryCode/include_juce_data_structures.mm";
			sourceTree = "SOURCE_ROOT";
		};
		7DF41007A31B611304797E8C = {
			isa = PBXFileReference;
			explicitFileType = archive.ar;
			includeInIndex = 0;
			path = libRotor.a;
			sourceTree = "BUILT_PRODUCTS_DIR";
		};
		82B0F57E48A4E886D0D01506 = {
			isa = PBXFileReference;
			lastKnownFileType = sourcecode.cpp.objcpp;
			name = "include_juce_audio_utils.mm";
			path = "../../JuceLibraryCode/include_juce_audio_utils.mm";
			sourceTree = "SOURCE_ROOT";
		};
		88FE6FF0A0DAB1BF070F58CE = {
			isa = PBXFileReference;
			lastKnownFileType = sourcecode.c.h;
			name = AppConfig.h;
			path = ../../JuceLibraryCode/AppConfig.h;
			sourceTree = "SOURCE_ROOT";
		};
		89578233348E81FF95FCBF3A = {
			isa = PBXFileReference;
			lastKnownFileType = wrapper.framework;
			name = DiscRecording.framework;
			path = System/Library/Frameworks/DiscRecording.framework;
			sourceTree = SDKROOT;
		};
		8A4F37FB7133631A5D37D8D3 = {
			isa = PBXFileReference;
			lastKnownFileType = wrapper.framework;
			name = IOKit.framework;
			path = System/Library/Frameworks/IOKit.framework;
			sourceTree = SDKROOT;
		};
		8AFE1BD11BB0EB50238FE0AD = {
			isa = PBXFileReference;
			lastKnownFileType = file;
			name = "juce_audio_processors";
			path = "/Users/mrm5632/Documents/GitHub/JUCE/modules/juce_audio_processors";
			sourceTree = "<absolute>";
		};
		8F1CAFE4D0D9894302EFF7A6 = {
			isa = PBXFileReference;
			lastKnownFileType = file;
			name = "juce_gui_extra";
			path = "/Users/mrm5632/Documents/GitHub/JUCE/modules/juce_gui_extra";
			sourceTree = "<absolute>";
		};
		9541D961D306AE75DEACA5F5 = {
			isa = PBXFileReference;
			lastKnownFileType = sourcecode.cpp.cpp;
			name = "include_juce_audio_plugin_client_VST3.cpp";
			path = "../../JuceLibraryCode/include_juce_audio_plugin_client_VST3.cpp";
			sourceTree = "SOURCE_ROOT";
		};
		95AB29E0897E3E88D16773AD = {
			isa = PBXFileReference;
			lastKnownFileType = sourcecode.cpp.objcpp;
			name = "include_juce_audio_processors.mm";
			path = "../../JuceLibraryCode/include_juce_audio_processors.mm";
			sourceTree = "SOURCE_ROOT";
		};
		976332B9C22A891B9D8EE1A0 = {
			isa = PBXFileReference;
			lastKnownFileType = sourcecode.cpp.cpp;
			name = RotorProcessor.cpp;
			path = ../../Source/RotorProcessor.cpp;
			sourceTree = "SOURCE_ROOT";
		};
		A57715AA10D3596E9F719555 = {
			isa = PBXFileReference;
			lastKnownFileType = sourcecode.c.h;
			name = RotorProcessor.h;
			path = ../../Source/RotorProcessor.h;
			sourceTree = "SOURCE_ROOT";
		};
		A59AD4EE4AA689E8610AA818 = {
			isa = PBXFileReference;
			lastKnownFileType = sourcecode.cpp.objcpp;
			name = "include_juce_opengl.mm";
			path = "../../JuceLibraryCode/include_juce_opengl.mm";
			sourceTree = "SOURCE_ROOT";
		};
		A8D7A89128541CF501A96C06 = {
			isa = PBXFileReference;
			lastKnownFileType = wrapper.framework;
			name = AudioUnit.framework;
			path = System/Library/Frameworks/AudioUnit.framework;
			sourceTree = SDKROOT;
		};
		AC1D26DFF80F60DCFA7AB71E = {
			isa = PBXFileReference;
			lastKnownFileType = file;
			name = "juce_audio_plugin_client";
			path = "/Users/mrm5632/Documents/GitHub/JUCE/modules/juce_audio_plugin_client";
			sourceTree = "<absolute>";
		};
		AC4D7554EBAA32CF23DC1012 = {
			isa = PBXFileReference;
			lastKnownFileType = file;
			name = "juce_cryptography";
			path = "/Users/mrm5632/Documents/GitHub/JUCE/modules/juce_cryptography";
			sourceTree = "<absolute>";
		};
		AE6B0F5991443719B82D5FF6 = {
			isa = PBXFileReference;
			lastKnownFileType = file;
			name = "juce_gui_basics";
			path = "/Users/mrm5632/Documents/GitHub/JUCE/modules/juce_gui_basics";
			sourceTree = "<absolute>";
		};
		B6812C78571E1D8B216B3491 = {
			isa = PBXFileReference;
			lastKnownFileType = image.png;
			name = "background-light.png";
			path = "../../Assets/background-light.png";
			sourceTree = "SOURCE_ROOT";
		};
		B7CF016EC27488505A408EA9 = {
			isa = PBXFileReference;
			lastKnownFileType = sourcecode.cpp.objcpp;
			name = "include_juce_audio_plugin_client_AU_1.mm";
			path = "../../JuceLibraryCode/include_juce_audio_plugin_client_AU_1.mm";
			sourceTree = "SOURCE_ROOT";
		};
		BA90525BEE79FBD7234EEAF3 = {
			isa = PBXFileReference;
			lastKnownFileType = sourcecode.cpp.objcpp;
			name = "include_juce_core.mm";
			path = "../../JuceLibraryCode/include_juce_core.mm";
			sourceTree = "SOURCE_ROOT";
		};
		BFADE6D3F6CE60292C8F26CE = {
			isa = PBXFileReference;
			lastKnownFileType = sourcecode.cpp.objcpp;
			name = "include_juce_audio_plugin_client_AU_2.mm";
			path = "../../JuceLibraryCode/include_juce_audio_plugin_client_AU_2.mm";
			sourceTree = "SOURCE_ROOT";
		};
		C16E36C802B17ECBBEB8EB3F = {
			isa = PBXFileReference;
			lastKnownFileType = sourcecode.c.h;
			name = RotorAnalyzer.h;
			path = ../../Source/RotorAnalyzer.h;
			sourceTree = "SOURCE_ROOT";
		};
		C1BC55E28D9323F324CE835F = {
			isa = PBXFileReference;
			lastKnownFileType = file;
			name = "juce_core";
			path = "/Users/mrm5632/Documents/GitHub/JUCE/modules/juce_core";
			sourceTree = "<absolute>";
		};
		C420DBE31341A36886AC4222 = {
			isa = PBXFileReference;
			lastKnownFileType = file;
			name = "juce_dsp";
			path = "/Users/mrm5632/Documents/GitHub/JUCE/modules/juce_dsp";
			sourceTree = "<absolute>";
		};
		C99BF0109C90CA7A91351186 = {
			isa = PBXFileReference;
			lastKnownFileType = file;
			name = "juce_audio_devices";
			path = "/Users/mrm5632/Documents/GitHub/JUCE/modules/juce_audio_devices";
			sourceTree = "<absolute>";
		};
		CD5F7D88E08F927D7362EA89 = {
			isa = PBXFileReference;
			lastKnownFileType = file;
			name = "juce_audio_basics";
			path = "/Users/mrm5632/Documents/GitHub/JUCE/modules/juce_audio_basics";
			sourceTree = "<absolute>";
		};
		CEAD5D9AD335DE46756D8129 = {
			isa = PBXFileReference;
			lastKnownFileType = wrapper.framework;
			name = Cocoa.framework;
			path = System/Library/Frameworks/Cocoa.framework;
			sourceTree = SDKROOT;
		};
		D40641130F701E20E7F5B9A4 = {
			isa = PBXFileReference;
			lastKnownFileType = file;
			name = "juce_events";
			path = "/Users/mrm5632/Documents/GitHub/JUCE/modules/juce_events";
			sourceTree = "<absolute>";
		};
		D92D1416A0BD37CCD8258D5F = {
			isa = PBXFileReference;
			lastKnownFileType = image.png;
			name = background.png;
			path = ../../Assets/background.png;
			sourceTree = "SOURCE_ROOT";
		};
		E41F034C473CACB566E1C8F7 = {
			isa = PBXFileReference;
			lastKnownFileType = wrapper.framework;
			name = AudioToolbox.framework;
			path = System/Library/Frameworks/AudioToolbox.framework;
			sourceTree = SDKROOT;
		};
		E8D2C7B601B7588905DD6490 = {
			isa = PBXFileReference;
			lastKnownFileType = sourcecode.c.h;
			name = RotorEditor.h;
			path = ../../Source/RotorEditor.h;
			sourceTree = "SOURCE_ROOT";
		};
		E9B3BC20C2A4B5268FF60F94 = {
			isa = PBXFileReference;
			lastKnownFileType = wrapper.framework;
			name = WebKit.framework;
			path = System/Library/Frameworks/WebKit.framework;
			sourceTree = SDKROOT;
		};
		EF776A4494DAE013823DC9E5 = {
			isa = PBXFileReference;
			lastKnownFileType = file;
			name = "juce_data_structures";
			path = "/Users/mrm5632/Documents/GitHub/JUCE/modules/juce_data_structures";
			sourceTree = "<absolute>";
		};
		F1D5AB353905A9CC9F73EC7C = {
			isa = PBXFileReference;
			lastKnownFileType = file.ttf;
			name = "louis-george-cafe.ttf";
			path = "../../Assets/louis-george-cafe.ttf";
			sourceTree = "SOURCE_ROOT";
		};
		F2BADFFF6CEF45CB72BCA203 = {
			isa = PBXFileReference;
			lastKnownFileType = sourcecode.cpp.cpp;
			name = RotorEditor.cpp;
			path = ../../Source/RotorEditor.cpp;
			sourceTree = "SOURCE_ROOT";
		};
		F93284B3022C0F97FC9DA567 = {
			isa = PBXFileReference;
			lastKnownFileType = wrapper.framework;
			name = CoreAudio.framework;
			path = System/Library/Frameworks/CoreAudio.framework;
			sourceTree = SDKROOT;
		};
		FA06765CCBD6D8F5CA80912D = {
			isa = PBXFileReference;
			lastKnownFileType = text.plist.xml;
			name = "Info-VST3.plist";
			path = "Info-VST3.plist";
			sourceTree = "SOURCE_ROOT";
		};
		FB2C22BC3360A501C4B71499 = {
			isa = PBXFileReference;
			lastKnownFileType = sourcecode.cpp.cpp;
			name = BinaryData.cpp;
			path = ../../JuceLibraryCode/BinaryData.cpp;
			sourceTree = "SOURCE_ROOT";
		};
		FB4B599D96DDEB8297E84271 = {
			isa = PBXFileReference;
			lastKnownFileType = wrapper.framework;
			name = CoreAudioKit.framework;
			path = System/Library/Frameworks/CoreAudioKit.framework;
			sourceTree = SDKROOT;
		};
		FC32EB16B662423881D1F1B5 = {
			isa = PBXFileReference;
			lastKnownFileType = sourcecode.c.h;
			name = JuceHeader.h;
			path = ../../JuceLibraryCode/JuceHeader.h;
			sourceTree = "SOURCE_ROOT";
		};
		21AC882B9668C4603C7829D2 = {
			isa = PBXGroup;
			children = (
				F1D5AB353905A9CC9F73EC7C,
				5CD5033A9F311EBF8C789B8B,
				030DC707C5810BE202C4A995,
				3B46502A3D0D1558AC6972B3,
				B6812C78571E1D8B216B3491,
				D92D1416A0BD37CCD8258D5F,
			);
			name = Resources;
			sourceTree = "<group>";
		};
		5678C4C2389860497E4CE724 = {
			isa = PBXGroup;
			children = (
				A57715AA10D3596E9F719555,
				976332B9C22A891B9D8EE1A0,
				E8D2C7B601B7588905DD6490,
				F2BADFFF6CEF45CB72BCA203,
				03E0BEE2D9A0BA179ACE8573,
				090C3E5B25AAD38C8B603B5B,
				C16E36C802B17ECBBEB8EB3F,
				4A29B6BD9B522D5F583E3B8D,
			);
			name = Source;
			sourceTree = "<group>";
		};
		C98B5760AC3ABB8F4FBDAC6F = {
			isa = PBXGroup;
			children = (
				21AC882B9668C4603C7829D2,
				5678C4C2389860497E4CE724,
			);
			name = Rotor;
			sourceTree = "<group>";
		};
		C884A59EE9D8CCBA2478C87D = {
			isa = PBXGroup;
			children = (
				CD5F7D88E08F927D7362EA89,
				C99BF0109C90CA7A91351186,
				30AC3DE319F6D68BB3956EC1,
				AC1D26DFF80F60DCFA7AB71E,
				8AFE1BD11BB0EB50238FE0AD,
				2C98A9DD7EA721DE05A018A9,
				C1BC55E28D9323F324CE835F,
				AC4D7554EBAA32CF23DC1012,
				EF776A4494DAE013823DC9E5,
				C420DBE31341A36886AC4222,
				D40641130F701E20E7F5B9A4,
				1C869A37445A3C441795B58F,
				AE6B0F5991443719B82D5FF6,
				8F1CAFE4D0D9894302EFF7A6,
				648F07DDFAA0125F4EA7AA70,
			);
			name = "JUCE Modules";
			sourceTree = "<group>";
		};
		B666EFECE363BD8CE82F80B8 = {
			isa = PBXGroup;
			children = (
				88FE6FF0A0DAB1BF070F58CE,
				FB2C22BC3360A501C4B71499,
				4CC5B3FB2C1E6F70646969AC,
				284E01938094CD17993F147C,
				673FA122D99CAD8010904DF2,
				73CFDFAC87FBF39B68D2663F,
				01D270B8B0F0C26C9BC72994,
				B7CF016EC27488505A408EA9,
				BFADE6D3F6CE60292C8F26CE,
				2981D6AE999A7B8EB62E9E4E,
				266A87BEF4C26E5C393BC03A,
				9541D961D306AE75DEACA5F5,
				95AB29E0897E3E88D16773AD,
				82B0F57E48A4E886D0D01506,
				BA90525BEE79FBD7234EEAF3,
				695AAFEAED20E4516A2E4B08,
				775F25AECEFC0F8E78A73103,
				36CB45B6646BABBD3A07FC6E,
				6CC5B542E3DF4DED76F8211A,
				2EF401C58BD4D6A4BE51655C,
				17B2FF968764AD5FE8CAAAB5,
				411A27349B93CC9874DCAB81,
				A59AD4EE4AA689E8610AA818,
				FC32EB16B662423881D1F1B5,
			);
			name = "JUCE Library Code";
			sourceTree = "<group>";
		};
		7B3FA9E48D1BCCFF8D6D5C90 = {
			isa = PBXGroup;
			children = (
				FA06765CCBD6D8F5CA80912D,
				3DA1A39344CF80F982826935,
				6F018D2718A9977E4FD4C95A,
			);
			name = Resources;
			sourceTree = "<group>";
		};
		600DD56397806FDBD814EC08 = {
			isa = PBXGroup;
			children = (
				68F8A5DC50D91B8081BBB648,
				E41F034C473CACB566E1C8F7,
				A8D7A89128541CF501A96C06,
				7415747B698C313059591368,
				CEAD5D9AD335DE46756D8129,
				F93284B3022C0F97FC9DA567,
				FB4B599D96DDEB8297E84271,
				61D120E8E121AF8EAF5C6512,
				89578233348E81FF95FCBF3A,
				8A4F37FB7133631A5D37D8D3,
				2A4FA92EEE48112179BECFD8,
				44E8FBA79147056EA673AF74,
				E9B3BC20C2A4B5268FF60F94,
			);
			name = Frameworks;
			sourceTree = "<group>";
		};
		622FF5589358DB5CC9239647 = {
			isa = PBXGroup;
			children = (
				022CD780941359F5AEFFB4BA,
				00F6C025DA855759A6E257ED,
				7DF41007A31B611304797E8C,
			);
			name = Products;
			sourceTree = "<group>";
		};
		4A06D7E38CF65076ED373AEE = {
			isa = PBXGroup;
			children = (
				C98B5760AC3ABB8F4FBDAC6F,
				C884A59EE9D8CCBA2478C87D,
				B666EFECE363BD8CE82F80B8,
				7B3FA9E48D1BCCFF8D6D5C90,
				600DD56397806FDBD814EC08,
				622FF5589358DB5CC9239647,
			);
			name = Source;
			sourceTree = "<group>";
		};
		0FAA2E04D20C4A6AC89B509E = {
			isa = XCBuildConfiguration;
			buildSettings = {
				MACOSX_DEPLOYMENT_TARGET = 10.11;
			};
			name = Debug;
		};
		B34E1F25A7B5ABB06979028B = {
			isa = XCBuildConfiguration;
			buildSettings = {
				MACOSX_DEPLOYMENT_TARGET = 10.11;
			};
			name = Release;
		};
		AA8B2404611CCE736C37DCB9 = {
			isa = XCBuildConfiguration;
			buildSettings = {
				CLANG_CXX_LANGUAGE_STANDARD = "c++14";
				CLANG_CXX_LIBRARY = "libc++";
				CLANG_LINK_OBJC_RUNTIME = NO;
				CODE_SIGN_IDENTITY = "";
				COMBINE_HIDPI_IMAGES = YES;
				CONFIGURATION_BUILD_DIR = "$(PROJECT_DIR)/build/$(CONFIGURATION)";
				COPY_PHASE_STRIP = NO;
				DEPLOYMENT_LOCATION = YES;
				DSTROOT = /;
				GCC_DYNAMIC_NO_PIC = NO;
				GCC_OPTIMIZATION_LEVEL = 0;
				GCC_PREPROCESSOR_DEFINITIONS = (
					"_DEBUG=1",
					"DEBUG=1",
					"JUCER_XCODE_MAC_F6D2F4CF=1",
					"JUCE_APP_VERSION=1.0.0",
					"JUCE_APP_VERSION_HEX=0x10000",
					"JucePlugin_Build_VST=0",
					"JucePlugin_Build_VST3=1",
					"JucePlugin_Build_AU=0",
					"JucePlugin_Build_AUv3=0",
					"JucePlugin_Build_RTAS=0",
					"JucePlugin_Build_AAX=0",
					"JucePlugin_Build_Standalone=0",
					"JucePlugin_Build_Unity=0",
				);
				GCC_VERSION = com.apple.compilers.llvm.clang.1_0;
				GENERATE_PKGINFO_FILE = YES;
				HEADER_SEARCH_PATHS = (
					"../../VST3_SDK",
					"../../JuceLibraryCode",
					"/Users/mrm5632/Documents/GitHub/JUCE/modules",
					"/Users/mrm5632/Documents/GitHub/JUCE/modules/juce_audio_plugin_client",
					"$(inherited)",
				);
				INFOPLIST_FILE = Info-VST3.plist;
				INFOPLIST_PREPROCESS = NO;
				INSTALL_PATH = "$(HOME)/Library/Audio/Plug-Ins/VST3/";
				LIBRARY_STYLE = Bundle;
				MACOSX_DEPLOYMENT_TARGET = 10.11;
				OTHER_LDFLAGS = "-bundle -lRotor";
				PRODUCT_BUNDLE_IDENTIFIER = com.MaxwellAudio.Rotor;
				PRODUCT_NAME = "Rotor";
				USE_HEADERMAP = NO;
				WRAPPER_EXTENSION = vst3;
			};
			name = Debug;
		};
		DE9415D6945090174DC2D06A = {
			isa = XCBuildConfiguration;
			buildSettings = {
				CLANG_CXX_LANGUAGE_STANDARD = "c++14";
				CLANG_CXX_LIBRARY = "libc++";
				CLANG_LINK_OBJC_RUNTIME = NO;
				CODE_SIGN_IDENTITY = "";
				COMBINE_HIDPI_IMAGES = YES;
				CONFIGURATION_BUILD_DIR = "$(PROJECT_DIR)/build/$(CONFIGURATION)";
				DEAD_CODE_STRIPPING = YES;
				DEPLOYMENT_LOCATION = YES;
				DSTROOT = /;
				GCC_GENERATE_DEBUGGING_SYMBOLS = NO;
				GCC_OPTIMIZATION_LEVEL = 3;
				GCC_PREPROCESSOR_DEFINITIONS = (
					"_NDEBUG=1",
					"NDEBUG=1",
					"JUCER_XCODE_MAC_F6D2F4CF=1",
					"JUCE_APP_VERSION=1.0.0",
					"JUCE_APP_VERSION_HEX=0x10000",
					"JucePlugin_Build_VST=0",
					"JucePlugin_Build_VST3=1",
					"JucePlugin_Build_AU=0",
					"JucePlugin_Build_AUv3=0",
					"JucePlugin_Build_RTAS=0",
					"JucePlugin_Build_AAX=0",
					"JucePlugin_Build_Standalone=0",
					"JucePlugin_Build_Unity=0",
				);
				GCC_SYMBOLS_PRIVATE_EXTERN = YES;
				GCC_VERSION = com.apple.compilers.llvm.clang.1_0;
				GENERATE_PKGINFO_FILE = YES;
				HEADER_SEARCH_PATHS = (
					"../../VST3_SDK",
					"../../JuceLibraryCode",
					"/Users/mrm5632/Documents/GitHub/JUCE/modules",
					"/Users/mrm5632/Documents/GitHub/JUCE/modules/juce_audio_plugin_client",
					"$(inherited)",
				);
				INFOPLIST_FILE = Info-VST3.plist;
				INFOPLIST_PREPROCESS = NO;
				INSTALL_PATH = "$(HOME)/Library/Audio/Plug-Ins/VST3/";
				LIBRARY_STYLE = Bundle;
				LLVM_LTO = YES;
				MACOSX_DEPLOYMENT_TARGET = 10.11;
				OTHER_LDFLAGS = "-bundle -lRotor";
				PRODUCT_BUNDLE_IDENTIFIER = com.MaxwellAudio.Rotor;
				PRODUCT_NAME = "Rotor";
				USE_HEADERMAP = NO;
				WRAPPER_EXTENSION = vst3;
			};
			name = Release;
		};
		5274196A17CF586441AC304A = {
			isa = XCBuildConfiguration;
			buildSettings = {
				CLANG_CXX_LANGUAGE_STANDARD = "c++14";
				CLANG_CXX_LIBRARY = "libc++";
				CLANG_LINK_OBJC_RUNTIME = NO;
				CODE_SIGN_IDENTITY = "";
				COMBINE_HIDPI_IMAGES = YES;
				CONFIGURATION_BUILD_DIR = "$(PROJECT_DIR)/build/$(CONFIGURATION)";
				COPY_PHASE_STRIP = NO;
				DEPLOYMENT_LOCATION = YES;
				DSTROOT = /;
				GCC_DYNAMIC_NO_PIC = NO;
				GCC_OPTIMIZATION_LEVEL = 0;
				GCC_PREPROCESSOR_DEFINITIONS = (
					"_DEBUG=1",
					"DEBUG=1",
					"JUCER_XCODE_MAC_F6D2F4CF=1",
					"JUCE_APP_VERSION=1.0.0",
					"JUCE_APP_VERSION_HEX=0x10000",
					"JucePlugin_Build_VST=0",
					"JucePlugin_Build_VST3=0",
					"JucePlugin_Build_AU=1",
					"JucePlugin_Build_AUv3=0",
					"JucePlugin_Build_RTAS=0",
					"JucePlugin_Build_AAX=0",
					"JucePlugin_Build_Standalone=0",
					"JucePlugin_Build_Unity=0",
				);
				GCC_VERSION = com.apple.compilers.llvm.clang.1_0;
				GENERATE_PKGINFO_FILE = YES;
				HEADER_SEARCH_PATHS = (
					"../../VST3_SDK",
					"../../JuceLibraryCode",
					"/Users/mrm5632/Documents/GitHub/JUCE/modules",
					"/Users/mrm5632/Documents/GitHub/JUCE/modules/juce_audio_plugin_client",
					"$(inherited)",
				);
				INFOPLIST_FILE = Info-AU.plist;
				INFOPLIST_PREPROCESS = NO;
				INSTALL_PATH = "$(HOME)/Library/Audio/Plug-Ins/Components/";
				LIBRARY_STYLE = Bundle;
				MACOSX_DEPLOYMENT_TARGET = 10.11;
				OTHER_LDFLAGS = "-bundle -lRotor";
				OTHER_REZFLAGS = "-d ppc_$ppc -d i386_$i386 -d ppc64_$ppc64 -d x86_64_$x86_64 -I /System/Library/Frameworks/CoreServices.framework/Frameworks/CarbonCore.framework/Versions/A/Headers -I \"$(DEVELOPER_DIR)/Extras/CoreAudio/AudioUnits/AUPublic/AUBase\" -I \"$(DEVELOPER_DIR)/Platforms/MacOSX.platform/Developer/SDKs/MacOSX.sdk/System/Library/Frameworks/AudioUnit.framework/Headers\"";
				PRODUCT_BUNDLE_IDENTIFIER = com.MaxwellAudio.Rotor;
				PRODUCT_NAME = "Rotor";
				USE_HEADERMAP = NO;
				WRAPPER_EXTENSION = component;
			};
			name = Debug;
		};
		CCE1E722202AA843446F16FB = {
			isa = XCBuildConfiguration;
			buildSettings = {
				CLANG_CXX_LANGUAGE_STANDARD = "c++14";
				CLANG_CXX_LIBRARY = "libc++";
				CLANG_LINK_OBJC_RUNTIME = NO;
				CODE_SIGN_IDENTITY = "";
				COMBINE_HIDPI_IMAGES = YES;
				CONFIGURATION_BUILD_DIR = "$(PROJECT_DIR)/build/$(CONFIGURATION)";
				DEAD_CODE_STRIPPING = YES;
				DEPLOYMENT_LOCATION = YES;
				DSTROOT = /;
				GCC_GENERATE_DEBUGGING_SYMBOLS = NO;
				GCC_OPTIMIZATION_LEVEL = 3;
				GCC_PREPROCESSOR_DEFINITIONS = (
					"_NDEBUG=1",
					"NDEBUG=1",
					"JUCER_XCODE_MAC_F6D2F4CF=1",
					"JUCE_APP_VERSION=1.0.0",
					"JUCE_APP_VERSION_HEX=0x10000",
					"JucePlugin_Build_VST=0",
					"JucePlugin_Build_VST3=0",
					"JucePlugin_Build_AU=1",
					"JucePlugin_Build_AUv3=0",
					"JucePlugin_Build_RTAS=0",
					"JucePlugin_Build_AAX=0",
					"JucePlugin_Build_Standalone=0",
					"JucePlugin_Build_Unity=0",
				);
				GCC_SYMBOLS_PRIVATE_EXTERN = YES;
				GCC_VERSION = com.apple.compilers.llvm.clang.1_0;
				GENERATE_PKGINFO_FILE = YES;
				HEADER_SEARCH_PATHS = (
					"../../VST3_SDK",
					"../../JuceLibraryCode",
					"/Users/mrm5632/Documents/GitHub/JUCE/modules",
					"/Users/mrm5632/Documents/GitHub/JUCE/modules/juce_audio_plugin_client",
					"$(inherited)",
				);
				INFOPLIST_FILE = Info-AU.plist;
				INFOPLIST_PREPROCESS = NO;
				INSTALL_PATH = "$(HOME)/Library/Audio/Plug-Ins/Components/";
				LIBRARY_STYLE = Bundle;
				LLVM_LTO = YES;
				MACOSX_DEPLOYMENT_TARGET = 10.11;
				OTHER_LDFLAGS = "-bundle -lRotor";
				OTHER_REZFLAGS = "-d ppc_$ppc -d i386_$i386 -d ppc64_$ppc64 -d x86_64_$x86_64 -I /System/Library/Frameworks/CoreServices.framework/Frameworks/CarbonCore.framework/Versions/A/Headers -I \"$(DEVELOPER_DIR)/Extras/CoreAudio/AudioUnits/AUPublic/AUBase\" -I \"$(DEVELOPER_DIR)/Platforms/MacOSX.platform/Developer/SDKs/MacOSX.sdk/System/Library/Frameworks/AudioUnit.framework/Headers\"";
				PRODUCT_BUNDLE_IDENTIFIER = com.MaxwellAudio.Rotor;
				PRODUCT_NAME = "Rotor";
				USE_HEADERMAP = NO;
				WRAPPER_EXTENSION = component;
			};
			name = Release;
		};
		6E1A7F10CC1B03178C063301 = {
			isa = XCBuildConfiguration;
			buildSettings = {
				CLANG_CXX_LANGUAGE_STANDARD = "c++14";
				CLANG_CXX_LIBRARY = "libc++";
				CLANG_LINK_OBJC_RUNTIME = NO;
				CODE_SIGN_IDENTITY = "";
				COMBINE_HIDPI_IMAGES = YES;
				CONFIGURATION_BUILD_DIR = "$(PROJECT_DIR)/build/$(CONFIGURATION)";
				COPY_PHASE_STRIP = NO;
				GCC_DYNAMIC_NO_PIC = NO;
				GCC_OPTIMIZATION_LEVEL = 0;
				GCC_PREPROCESSOR_DEFINITIONS = (
					"_DEBUG=1",
					"DEBUG=1",
					"JUCER_XCODE_MAC_F6D2F4CF=1",
					"JUCE_APP_VERSION=1.0.0",
					"JUCE_APP_VERSION_HEX=0x10000",
					"JucePlugin_Build_VST=0",
					"JucePlugin_Build_VST3=1",
					"JucePlugin_Build_AU=1",
					"JucePlugin_Build_AUv3=0",
					"JucePlugin_Build_RTAS=0",
					"JucePlugin_Build_AAX=0",
					"JucePlugin_Build_Standalone=0",
					"JucePlugin_Build_Unity=0",
					"JUCE_SHARED_CODE=1",
				);
				GCC_VERSION = com.apple.compilers.llvm.clang.1_0;
				HEADER_SEARCH_PATHS = (
					"../../VST3_SDK",
					"../../JuceLibraryCode",
					"/Users/mrm5632/Documents/GitHub/JUCE/modules",
					"/Users/mrm5632/Documents/GitHub/JUCE/modules/juce_audio_plugin_client",
					"$(inherited)",
				);
				INSTALL_PATH = "@executable_path/../Frameworks";
				MACOSX_DEPLOYMENT_TARGET = 10.11;
				PRODUCT_BUNDLE_IDENTIFIER = com.MaxwellAudio.Rotor;
				PRODUCT_NAME = "Rotor";
				SKIP_INSTALL = YES;
				USE_HEADERMAP = NO;
			};
			name = Debug;
		};
		C060452AB837CFD9CC12FA33 = {
			isa = XCBuildConfiguration;
			buildSettings = {
				CLANG_CXX_LANGUAGE_STANDARD = "c++14";
				CLANG_CXX_LIBRARY = "libc++";
				CLANG_LINK_OBJC_RUNTIME = NO;
				CODE_SIGN_IDENTITY = "";
				COMBINE_HIDPI_IMAGES = YES;
				CONFIGURATION_BUILD_DIR = "$(PROJECT_DIR)/build/$(CONFIGURATION)";
				DEAD_CODE_STRIPPING = YES;
				GCC_GENERATE_DEBUGGING_SYMBOLS = NO;
				GCC_OPTIMIZATION_LEVEL = 3;
				GCC_PREPROCESSOR_DEFINITIONS = (
					"_NDEBUG=1",
					"NDEBUG=1",
					"JUCER_XCODE_MAC_F6D2F4CF=1",
					"JUCE_APP_VERSION=1.0.0",
					"JUCE_APP_VERSION_HEX=0x10000",
					"JucePlugin_Build_VST=0",
					"JucePlugin_Build_VST3=1",
					"JucePlugin_Build_AU=1",
					"JucePlugin_Build_AUv3=0",
					"JucePlugin_Build_RTAS=0",
					"JucePlugin_Build_AAX=0",
					"JucePlugin_Build_Standalone=0",
					"JucePlugin_Build_Unity=0",
					"JUCE_SHARED_CODE=1",
				);
				GCC_SYMBOLS_PRIVATE_EXTERN = YES;
				GCC_VERSION = com.apple.compilers.llvm.clang.1_0;
				HEADER_SEARCH_PATHS = (
					"../../VST3_SDK",
					"../../JuceLibraryCode",
					"/Users/mrm5632/Documents/GitHub/JUCE/modules",
					"/Users/mrm5632/Documents/GitHub/JUCE/modules/juce_audio_plugin_client",
					"$(inherited)",
				);
				INSTALL_PATH = "@executable_path/../Frameworks";
				LLVM_LTO = YES;
				MACOSX_DEPLOYMENT_TARGET = 10.11;
				PRODUCT_BUNDLE_IDENTIFIER = com.MaxwellAudio.Rotor;
				PRODUCT_NAME = "Rotor";
				SKIP_INSTALL = YES;
				USE_HEADERMAP = NO;
			};
			name = Release;
		};
		40204B43D326BBE19009928D = {
			isa = XCBuildConfiguration;
			buildSettings = {
				ALWAYS_SEARCH_USER_PATHS = NO;
				CLANG_ENABLE_OBJC_WEAK = YES;
				CLANG_WARN_BLOCK_CAPTURE_AUTORELEASING = YES;
				CLANG_WARN_BOOL_CONVERSION = YES;
				CLANG_WARN_COMMA = YES;
				CLANG_WARN_CONSTANT_CONVERSION = YES;
				CLANG_WARN_DEPRECATED_OBJC_IMPLEMENTATIONS = YES;
				CLANG_WARN_EMPTY_BODY = YES;
				CLANG_WARN_ENUM_CONVERSION = YES;
				CLANG_WARN_INFINITE_RECURSION = YES;
				CLANG_WARN_INT_CONVERSION = YES;
				CLANG_WARN_NON_LITERAL_NULL_CONVERSION = YES;
				CLANG_WARN_OBJC_IMPLICIT_RETAIN_SELF = YES;
				CLANG_WARN_OBJC_LITERAL_CONVERSION = YES;
				CLANG_WARN_RANGE_LOOP_ANALYSIS = YES;
				CLANG_WARN_STRICT_PROTOTYPES = YES;
				CLANG_WARN_SUSPICIOUS_MOVE = YES;
				CLANG_WARN_UNREACHABLE_CODE = YES;
				CLANG_WARN__DUPLICATE_METHOD_MATCH = YES;
				CODE_SIGN_IDENTITY = "";
				DEBUG_INFORMATION_FORMAT = dwarf;
				ENABLE_STRICT_OBJC_MSGSEND = YES;
				ENABLE_TESTABILITY = YES;
				GCC_C_LANGUAGE_STANDARD = c11;
				GCC_INLINES_ARE_PRIVATE_EXTERN = YES;
				GCC_MODEL_TUNING = G5;
				GCC_NO_COMMON_BLOCKS = YES;
				GCC_WARN_64_TO_32_BIT_CONVERSION = YES;
				GCC_WARN_ABOUT_RETURN_TYPE = YES;
				GCC_WARN_CHECK_SWITCH_STATEMENTS = YES;
				GCC_WARN_MISSING_PARENTHESES = YES;
				GCC_WARN_NON_VIRTUAL_DESTRUCTOR = YES;
				GCC_WARN_TYPECHECK_CALLS_TO_PRINTF = YES;
				GCC_WARN_UNDECLARED_SELECTOR = YES;
				GCC_WARN_UNINITIALIZED_AUTOS = YES;
				GCC_WARN_UNUSED_FUNCTION = YES;
				GCC_WARN_UNUSED_VARIABLE = YES;
				ONLY_ACTIVE_ARCH = YES;
				PRODUCT_NAME = "Rotor";
				WARNING_CFLAGS = "-Wreorder";
				ZERO_LINK = NO;
			};
			name = Debug;
		};
		8998F90C862E2E6C58C60326 = {
			isa = XCBuildConfiguration;
			buildSettings = {
				ALWAYS_SEARCH_USER_PATHS = NO;
				CLANG_ENABLE_OBJC_WEAK = YES;
				CLANG_WARN_BLOCK_CAPTURE_AUTORELEASING = YES;
				CLANG_WARN_BOOL_CONVERSION = YES;
				CLANG_WARN_COMMA = YES;
				CLANG_WARN_CONSTANT_CONVERSION = YES;
				CLANG_WARN_DEPRECATED_OBJC_IMPLEMENTATIONS = YES;
				CLANG_WARN_EMPTY_BODY = YES;
				CLANG_WARN_ENUM_CONVERSION = YES;
				CLANG_WARN_INFINITE_RECURSION = YES;
				CLANG_WARN_INT_CONVERSION = YES;
				CLANG_WARN_NON_LITERAL_NULL_CONVERSION = YES;
				CLANG_WARN_OBJC_IMPLICIT_RETAIN_SELF = YES;
				CLANG_WARN_OBJC_LITERAL_CONVERSION = YES;
				CLANG_WARN_RANGE_LOOP_ANALYSIS = YES;
				CLANG_WARN_STRICT_PROTOTYPES = YES;
				CLANG_WARN_SUSPICIOUS_MOVE = YES;
				CLANG_WARN_UNREACHABLE_CODE = YES;
				CLANG_WARN__DUPLICATE_METHOD_MATCH = YES;
				CODE_SIGN_IDENTITY = "";
				DEBUG_INFORMATION_FORMAT = dwarf;
				ENABLE_STRICT_OBJC_MSGSEND = YES;
				GCC_C_LANGUAGE_STANDARD = c11;
				GCC_INLINES_ARE_PRIVATE_EXTERN = YES;
				GCC_MODEL_TUNING = G5;
				GCC_NO_COMMON_BLOCKS = YES;
				GCC_WARN_64_TO_32_BIT_CONVERSION = YES;
				GCC_WARN_ABOUT_RETURN_TYPE = YES;
				GCC_WARN_CHECK_SWITCH_STATEMENTS = YES;
				GCC_WARN_MISSING_PARENTHESES = YES;
				GCC_WARN_NON_VIRTUAL_DESTRUCTOR = YES;
				GCC_WARN_TYPECHECK_CALLS_TO_PRINTF = YES;
				GCC_WARN_UNDECLARED_SELECTOR = YES;
				GCC_WARN_UNINITIALIZED_AUTOS = YES;
				GCC_WARN_UNUSED_FUNCTION = YES;
				GCC_WARN_UNUSED_VARIABLE = YES;
				PRODUCT_NAME = "Rotor";
				WARNING_CFLAGS = "-Wreorder";
				ZERO_LINK = NO;
			};
			name = Release;
		};
		884E3CA9AE10D3827425F585 = {
			isa = PBXTargetDependency;
			target = 2BC647B7A305FDE3A4595E24;
		};
		4C646C96452382E36307C389 = {
			isa = PBXTargetDependency;
			target = BC63C44F9C3DFC6A4E8EAE5D;
		};
		CB5C11C56E318A1780697284 = {
			isa = PBXTargetDependency;
			target = 2436054AAC72AB9BF183DA76;
		};
		7C1BF96C8AB1336BB161DF21 = {
			isa = XCConfigurationList;
			buildConfigurations = (
				40204B43D326BBE19009928D,
				8998F90C862E2E6C58C60326,
			);
			defaultConfigurationIsVisible = 0;
			defaultConfigurationName = Debug;
		};
		ED9AC290776AAE3E34050BCC = {
			isa = XCConfigurationList;
			buildConfigurations = (
				0FAA2E04D20C4A6AC89B509E,
				B34E1F25A7B5ABB06979028B,
			);
			defaultConfigurationIsVisible = 0;
			defaultConfigurationName = Debug;
		};
		104729027ACAF3873BA0196C = {
			isa = PBXAggregateTarget;
			buildConfigurationList = ED9AC290776AAE3E34050BCC;
			buildPhases = ( );
			buildRules = ( );
			dependencies = (
				884E3CA9AE10D3827425F585,
				4C646C96452382E36307C389,
				CB5C11C56E318A1780697284,
			);
			name = "Rotor - All";
			productName = Rotor;
		};
		9309EC25DD6C19C57F206D53 = {
			isa = XCConfigurationList;
			buildConfigurations = (
				AA8B2404611CCE736C37DCB9,
				DE9415D6945090174DC2D06A,
			);
			defaultConfigurationIsVisible = 0;
			defaultConfigurationName = Debug;
		};
		9ABB09002064E60FC85913A3 = {
			isa = PBXResourcesBuildPhase;
			buildActionMask = 2147483647;
			files = (
				DCA26CF8BEE526F436FC94B9,
			);
			runOnlyForDeploymentPostprocessing = 0;
		};
		627555E7987D77C4DD0DDF6C = {
			isa = PBXSourcesBuildPhase;
			buildActionMask = 2147483647;
			files = (
				F45B4DDF6853B704DB6F848B,
			);
			runOnlyForDeploymentPostprocessing = 0;
		};
		CABEB37BEF19D7050138A2DD = {
			isa = PBXFrameworksBuildPhase;
			buildActionMask = 2147483647;
			files = (
				5D11A03612A7BB23483F9693,
				121FBC7BEC1A817391C41BAD,
				32F04263065A745242AABDAA,
				45494A3BAD0511A2DA603605,
				A26BE138FB0890409073BB6A,
				4335F3BF2DA91D5AF5E7A369,
				98130BA4044E1E1C016643E0,
				179D590F781AD6482F797327,
				8046C2898EFEC793A043C273,
				DE2C44585CAB260535F41E8C,
				F7BA12C25298F7D3BFD0FE99,
				2AF05D02F91BAB9272F2291B,
			);
			runOnlyForDeploymentPostprocessing = 0;
		};
		2BC647B7A305FDE3A4595E24 = {
			isa = PBXNativeTarget;
			buildConfigurationList = 9309EC25DD6C19C57F206D53;
			buildPhases = (
				9ABB09002064E60FC85913A3,
				627555E7987D77C4DD0DDF6C,
				CABEB37BEF19D7050138A2DD,
			);
			buildRules = ( );
			dependencies = (
				CB5C11C56E318A1780697284,
			);
			name = "Rotor - VST3";
			productName = Rotor;
			productReference = 022CD780941359F5AEFFB4BA;
			productType = "com.apple.product-type.bundle";
		};
		9A289A828CEAF64BF2D5DAA2 = {
			isa = XCConfigurationList;
			buildConfigurations = (
				5274196A17CF586441AC304A,
				CCE1E722202AA843446F16FB,
			);
			defaultConfigurationIsVisible = 0;
			defaultConfigurationName = Debug;
		};
		E621932FF215AA729CE71130 = {
			isa = PBXResourcesBuildPhase;
			buildActionMask = 2147483647;
			files = (
				DCA26CF8BEE526F436FC94B9,
			);
			runOnlyForDeploymentPostprocessing = 0;
		};
		FF08BDE54873F6AF632D43FB = {
			isa = PBXRezBuildPhase;
			buildActionMask = 2147483647;
			files = (
				63A500342BF57CB5A9257F57,
			);
			runOnlyForDeploymentPostprocessing = 0;
		};
		79C729136A2589D5194A3F6D = {
			isa = PBXSourcesBuildPhase;
			buildActionMask = 2147483647;
			files = (
				9C50C31AA76664D65A59F748,
				BBEEDAC1DDA4069F680B6351,
			);
			runOnlyForDeploymentPostprocessing = 0;
		};
		08C10ACAE26E17B397087A99 = {
			isa = PBXFrameworksBuildPhase;
			buildActionMask = 2147483647;
			files = (
				5D11A03612A7BB23483F9693,
				121FBC7BEC1A817391C41BAD,
				94686B2731242D74CEF5EB5E,
				32F04263065A745242AABDAA,
				45494A3BAD0511A2DA603605,
				A26BE138FB0890409073BB6A,
				4335F3BF2DA91D5AF5E7A369,
				98130BA4044E1E1C016643E0,
				179D590F781AD6482F797327,
				8046C2898EFEC793A043C273,
				DE2C44585CAB260535F41E8C,
				F7BA12C25298F7D3BFD0FE99,
				2AF05D02F91BAB9272F2291B,
			);
			runOnlyForDeploymentPostprocessing = 0;
		};
		BC63C44F9C3DFC6A4E8EAE5D = {
			isa = PBXNativeTarget;
			buildConfigurationList = 9A289A828CEAF64BF2D5DAA2;
			buildPhases = (
				E621932FF215AA729CE71130,
				FF08BDE54873F6AF632D43FB,
				79C729136A2589D5194A3F6D,
				08C10ACAE26E17B397087A99,
			);
			buildRules = ( );
			dependencies = (
				CB5C11C56E318A1780697284,
			);
			name = "Rotor - AU";
			productName = Rotor;
			productReference = 00F6C025DA855759A6E257ED;
			productType = "com.apple.product-type.bundle";
		};
		9FC6BDA3825F4C73CE6B064B = {
			isa = XCConfigurationList;
			buildConfigurations = (
				6E1A7F10CC1B03178C063301,
				C060452AB837CFD9CC12FA33,
			);
			defaultConfigurationIsVisible = 0;
			defaultConfigurationName = Debug;
		};
		437CA9EE540379647429AAEE = {
			isa = PBXSourcesBuildPhase;
			buildActionMask = 2147483647;
			files = (
				CFBD01586C5A7D6F31720E14,
				7BC7827EE3649E23B9D14A71,
				D7DB2529BB0379D461A6A2F3,
				B4A0D719AC35D37E14AF3246,
				96EECD51B82E0A9AE1442629,
				D5D9384F659A3B768B0BE447,
				667F1994E5F638F490A3CC73,
				CA5CED8A7D3B3DF3C90A8D01,
				74BF8DFC115AD9AA555172F1,
				E882A7E0984C32E77CC93439,
				E8F244AE5BABF5EAC53CEACE,
				85AFA2DFD4DB2CF5AC6394BD,
				5F78966E952943EC34071313,
				ED6398112BE739DB61DAEE74,
				74AABAEF602CA79B8B0D6C3D,
				3462E10AEF9FE9E85CC9ECFB,
				A6857369F77CCA60806F7761,
				62A38DED4791B0519A87EF25,
				74EEDF3812B3CF969C4C8C44,
				B1671C181B8C1D4CC5E743C1,
				B29086B181D1A54C0BBC1A4A,
			);
			runOnlyForDeploymentPostprocessing = 0;
		};
		2436054AAC72AB9BF183DA76 = {
			isa = PBXNativeTarget;
			buildConfigurationList = 9FC6BDA3825F4C73CE6B064B;
			buildPhases = (
				437CA9EE540379647429AAEE,
			);
			buildRules = ( );
			dependencies = ( );
			name = "Rotor - Shared Code";
			productName = Rotor;
			productReference = 7DF41007A31B611304797E8C;
			productType = "com.apple.product-type.library.static";
		};
		129EE809D3C1535B43D8704A = {
			isa = PBXProject;
			buildConfigurationList = 7C1BF96C8AB1336BB161DF21;
			attributes = { LastUpgradeCheck = 1100; ORGANIZATIONNAME = "Maxwell Audio"; TargetAttributes = { 104729027ACAF3873BA0196C = { SystemCapabilities = {com.apple.ApplicationGroups.iOS = { enabled = 0; }; com.apple.InAppPurchase = { enabled = 0; }; com.apple.InterAppAudio = { enabled = 0; }; com.apple.Push = { enabled = 0; }; com.apple.Sandbox = { enabled = 0; }; com.apple.HardenedRuntime = { enabled = 0; }; }; };2BC647B7A305FDE3A4595E24 = { SystemCapabilities = {com.apple.ApplicationGroups.iOS = { enabled = 0; }; com.apple.InAppPurchase = { enabled = 0; }; com.apple.InterAppAudio = { enabled = 0; }; com.apple.Push = { enabled = 0; }; com.apple.Sandbox = { enabled = 0; }; com.apple.HardenedRuntime = { enabled = 0; }; }; };BC63C44F9C3DFC6A4E8EAE5D = { SystemCapabilities = {com.apple.ApplicationGroups.iOS = { enabled = 0; }; com.apple.InAppPurchase = { enabled = 0; }; com.apple.InterAppAudio = { enabled = 0; }; com.apple.Push = { enabled = 0; }; com.apple.Sandbox = { enabled = 0; }; com.apple.HardenedRuntime = { enabled = 0; }; }; };2436054AAC72AB9BF183DA76 = { SystemCapabilities = {com.apple.ApplicationGroups.iOS = { enabled = 0; }; com.apple.InAppPurchase = { enabled = 0; }; com.apple.InterAppAudio = { enabled = 0; }; com.apple.Push = { enabled = 0; }; com.apple.Sandbox = { enabled = 0; }; com.apple.HardenedRuntime = { enabled = 0; }; }; }; }; };
			compatibilityVersion = "Xcode 3.2";
			hasScannedForEncodings = 0;
			mainGroup = 4A06D7E38CF65076ED373AEE;
			projectDirPath = "";
			projectRoot = "";
			targets = (104729027ACAF3873BA0196C, 2BC647B7A305FDE3A4595E24, BC63C44F9C3DFC6A4E8EAE5D, 2436054AAC72AB9BF183DA76);
			knownRegions = (en, Base);
		};
	};
	rootObject = 129EE809D3C1535B43D8704A;
}
